{
  "version": 4,
  "terraform_version": "1.2.7",
  "serial": 768,
  "lineage": "303eed16-9ea4-29cc-5aad-555959d56e37",
  "outputs": {},
  "resources": [
    {
      "module": "module.ec2",
      "mode": "data",
      "type": "template_file",
      "name": "nginx",
      "provider": "provider[\"registry.terraform.io/hashicorp/template\"]",
      "instances": [
        {
          "schema_version": 0,
          "attributes": {
            "filename": null,
            "id": "91ade75cfd689a5d1e63946cfcd8b6083cf3f3f5cf20a0cd61922002e052b438",
            "rendered": "##\n# You should look at the following URL's in order to grasp a solid understanding\n# of Nginx configuration files in order to fully unleash the power of Nginx.\n# https://www.nginx.com/resources/wiki/start/\n# https://www.nginx.com/resources/wiki/start/topics/tutorials/config_pitfalls/\n# https://wiki.debian.org/Nginx/DirectoryStructure\n#\n# In most cases, administrators will remove this file from sites-enabled/ and\n# leave it as reference inside of sites-available where it will continue to be\n# updated by the nginx packaging team.\n#\n# This file will automatically load configuration files provided by other\n# applications, such as Drupal or Wordpress. These applications will be made\n# available underneath a path with that package name, such as /drupal8.\n#\n# Please see /usr/share/doc/nginx-doc/examples/ for more detailed examples.\n##\n\n# Default server configuration\n#\nserver {\n\tlisten 80;\n\tlisten [::]:80;\n\n\t# SSL configuration\n\t#\n\t# listen 443 ssl default_server;\n\t# listen [::]:443 ssl default_server;\n\t#\n\t# Note: You should disable gzip for SSL traffic.\n\t# See: https://bugs.debian.org/773332\n\t#\n\t# Read up on ssl_ciphers to ensure a secure configuration.\n\t# See: https://bugs.debian.org/765782\n\t#\n\t# Self signed certs generated by the ssl-cert package\n\t# Don't use them in a production server!\n\t#\n\t# include snippets/snakeoil.conf;\n\n\troot /var/www/html;\n\n\t# Add index.php to the list if you are using PHP\n\tindex index.html index.htm index.nginx-debian.html;\n\n\tserver_name _;\n\n\tlocation / {\n\t\t# First attempt to serve request as file, then\n\t\t# as directory, then fall back to displaying a 404.\n\t\ttry_files $uri $uri/ =404;\n\t}\n\n\t# pass PHP scripts to FastCGI server\n\t#\n\tlocation ~ \\.php$ {\n\t\tinclude snippets/fastcgi-php.conf;\n\t#\n\t#\t# With php-fpm (or other unix sockets):\n\t\tfastcgi_pass unix:/run/php/php8.1-fpm.sock;\n\t#\t# With php-cgi (or other tcp sockets):\n\t#\tfastcgi_pass 127.0.0.1:9000;\n\t}\n\n\t# deny access to .htaccess files, if Apache's document root\n\t# concurs with nginx's one\n\t#\n\t#location ~ /\\.ht {\n\t#\tdeny all;\n\t#}\n}\n\n\n# Virtual Host configuration for example.com\n#\n# You can move that to a different file under sites-available/ and symlink that\n# to sites-enabled/ to enable it.\n#\n#server {\n#\tlisten 80;\n#\tlisten [::]:80;\n#\n#\tserver_name example.com;\n#\n#\troot /var/www/example.com;\n#\tindex index.html;\n#\n#\tlocation / {\n#\t\ttry_files $uri $uri/ =404;\n#\t}\n#}\n",
            "template": "##\n# You should look at the following URL's in order to grasp a solid understanding\n# of Nginx configuration files in order to fully unleash the power of Nginx.\n# https://www.nginx.com/resources/wiki/start/\n# https://www.nginx.com/resources/wiki/start/topics/tutorials/config_pitfalls/\n# https://wiki.debian.org/Nginx/DirectoryStructure\n#\n# In most cases, administrators will remove this file from sites-enabled/ and\n# leave it as reference inside of sites-available where it will continue to be\n# updated by the nginx packaging team.\n#\n# This file will automatically load configuration files provided by other\n# applications, such as Drupal or Wordpress. These applications will be made\n# available underneath a path with that package name, such as /drupal8.\n#\n# Please see /usr/share/doc/nginx-doc/examples/ for more detailed examples.\n##\n\n# Default server configuration\n#\nserver {\n\tlisten 80;\n\tlisten [::]:80;\n\n\t# SSL configuration\n\t#\n\t# listen 443 ssl default_server;\n\t# listen [::]:443 ssl default_server;\n\t#\n\t# Note: You should disable gzip for SSL traffic.\n\t# See: https://bugs.debian.org/773332\n\t#\n\t# Read up on ssl_ciphers to ensure a secure configuration.\n\t# See: https://bugs.debian.org/765782\n\t#\n\t# Self signed certs generated by the ssl-cert package\n\t# Don't use them in a production server!\n\t#\n\t# include snippets/snakeoil.conf;\n\n\troot /var/www/html;\n\n\t# Add index.php to the list if you are using PHP\n\tindex index.html index.htm index.nginx-debian.html;\n\n\tserver_name _;\n\n\tlocation / {\n\t\t# First attempt to serve request as file, then\n\t\t# as directory, then fall back to displaying a 404.\n\t\ttry_files $uri $uri/ =404;\n\t}\n\n\t# pass PHP scripts to FastCGI server\n\t#\n\tlocation ~ \\.php$ {\n\t\tinclude snippets/fastcgi-php.conf;\n\t#\n\t#\t# With php-fpm (or other unix sockets):\n\t\tfastcgi_pass unix:/run/php/php8.1-fpm.sock;\n\t#\t# With php-cgi (or other tcp sockets):\n\t#\tfastcgi_pass 127.0.0.1:9000;\n\t}\n\n\t# deny access to .htaccess files, if Apache's document root\n\t# concurs with nginx's one\n\t#\n\t#location ~ /\\.ht {\n\t#\tdeny all;\n\t#}\n}\n\n\n# Virtual Host configuration for example.com\n#\n# You can move that to a different file under sites-available/ and symlink that\n# to sites-enabled/ to enable it.\n#\n#server {\n#\tlisten 80;\n#\tlisten [::]:80;\n#\n#\tserver_name example.com;\n#\n#\troot /var/www/example.com;\n#\tindex index.html;\n#\n#\tlocation / {\n#\t\ttry_files $uri $uri/ =404;\n#\t}\n#}\n",
            "vars": null
          },
          "sensitive_attributes": []
        }
      ]
    },
    {
      "module": "module.ec2",
      "mode": "data",
      "type": "template_file",
      "name": "phpconfig",
      "provider": "provider[\"registry.terraform.io/hashicorp/template\"]",
      "instances": [
        {
          "schema_version": 0,
          "attributes": {
            "filename": null,
            "id": "1096587d9097b53397a7b2601e7a5eb0edd4b2b2319a5cc3d63796d8acd0a559",
            "rendered": "\n\u003c?php\n/**\n * The base configuration for WordPress\n *\n * The wp-config.php creation script uses this file during the\n * installation. You don't have to use the web site, you can\n * copy this file to \"wp-config.php\" and fill in the values.\n *\n * This file contains the following configurations:\n *\n * * MySQL settings\n * * Secret keys\n * * Database table prefix\n * * ABSPATH\n *\n * @link https://codex.wordpress.org/Editing_wp-config.php\n *\n * @package WordPress\n */\n\n// ** MySQL settings - You can get this info from your web host ** //\n/** The name of the database for WordPress */\ndefine( 'DB_NAME', 'db_rds' );\n\n/** MySQL database username */\ndefine( 'DB_USER', 'admin' );\n\n/** MySQL database password */\ndefine( 'DB_PASSWORD', 'qwerty123' );\n\n/** MySQL hostname */\ndefine( 'DB_HOST', 'terraform-20220905102500416000000001.cpeeglgu8ljm.ap-south-1.rds.amazonaws.com' );\n\n/** Database Charset to use in creating database tables. */\ndefine( 'DB_CHARSET', 'utf8' );\n\n/** The Database Collate type. Don't change this if in doubt. */\ndefine( 'DB_COLLATE', '' );\n\n/**#@+\n * Authentication Unique Keys and Salts.\n *\n * Change these to different unique phrases!\n * You can generate these using the {@link https://api.wordpress.org/secret-key/1.1/salt/ WordPress.org secret-key service}\n * You can change these at any point in time to invalidate all existing cookies. This will force all users to have to log in again.\n *\n * @since 2.6.0\n */\ndefine( 'AUTH_KEY',         'put your unique phrase here' );\ndefine( 'SECURE_AUTH_KEY',  'put your unique phrase here' );\ndefine( 'LOGGED_IN_KEY',    'put your unique phrase here' );\ndefine( 'NONCE_KEY',        'put your unique phrase here' );\ndefine( 'AUTH_SALT',        'put your unique phrase here' );\ndefine( 'SECURE_AUTH_SALT', 'put your unique phrase here' );\ndefine( 'LOGGED_IN_SALT',   'put your unique phrase here' );\ndefine( 'NONCE_SALT',       'put your unique phrase here' );\n\n/**#@-*/\n\n/**\n * WordPress Database Table prefix.\n *\n * You can have multiple installations in one database if you give each\n * a unique prefix. Only numbers, letters, and underscores please!\n */\n$table_prefix = 'wp_';\n\n/**\n * For developers: WordPress debugging mode.\n *\n * Change this to true to enable the display of notices during development.\n * It is strongly recommended that plugin and theme developers use WP_DEBUG\n * in their development environments.\n *\n * For information on other constants that can be used for debugging,\n * visit the Codex.\n *\n * @link https://codex.wordpress.org/Debugging_in_WordPress\n */\ndefine( 'WP_DEBUG', false );\n\n/* That's all, stop editing! Happy publishing. */\n\n/** Absolute path to the WordPress directory. */\nif ( ! defined( 'ABSPATH' ) ) {\n\tdefine( 'ABSPATH', dirname( __FILE__ ) . '/' );\n}\n\n/** Sets up WordPress vars and included files. */\nrequire_once( ABSPATH . 'wp-settings.php' );\n\n",
            "template": "\n\u003c?php\n/**\n * The base configuration for WordPress\n *\n * The wp-config.php creation script uses this file during the\n * installation. You don't have to use the web site, you can\n * copy this file to \"wp-config.php\" and fill in the values.\n *\n * This file contains the following configurations:\n *\n * * MySQL settings\n * * Secret keys\n * * Database table prefix\n * * ABSPATH\n *\n * @link https://codex.wordpress.org/Editing_wp-config.php\n *\n * @package WordPress\n */\n\n// ** MySQL settings - You can get this info from your web host ** //\n/** The name of the database for WordPress */\ndefine( 'DB_NAME', '${db_name}' );\n\n/** MySQL database username */\ndefine( 'DB_USER', '${db_user}' );\n\n/** MySQL database password */\ndefine( 'DB_PASSWORD', '${db_pass}' );\n\n/** MySQL hostname */\ndefine( 'DB_HOST', '${db_host}' );\n\n/** Database Charset to use in creating database tables. */\ndefine( 'DB_CHARSET', 'utf8' );\n\n/** The Database Collate type. Don't change this if in doubt. */\ndefine( 'DB_COLLATE', '' );\n\n/**#@+\n * Authentication Unique Keys and Salts.\n *\n * Change these to different unique phrases!\n * You can generate these using the {@link https://api.wordpress.org/secret-key/1.1/salt/ WordPress.org secret-key service}\n * You can change these at any point in time to invalidate all existing cookies. This will force all users to have to log in again.\n *\n * @since 2.6.0\n */\ndefine( 'AUTH_KEY',         'put your unique phrase here' );\ndefine( 'SECURE_AUTH_KEY',  'put your unique phrase here' );\ndefine( 'LOGGED_IN_KEY',    'put your unique phrase here' );\ndefine( 'NONCE_KEY',        'put your unique phrase here' );\ndefine( 'AUTH_SALT',        'put your unique phrase here' );\ndefine( 'SECURE_AUTH_SALT', 'put your unique phrase here' );\ndefine( 'LOGGED_IN_SALT',   'put your unique phrase here' );\ndefine( 'NONCE_SALT',       'put your unique phrase here' );\n\n/**#@-*/\n\n/**\n * WordPress Database Table prefix.\n *\n * You can have multiple installations in one database if you give each\n * a unique prefix. Only numbers, letters, and underscores please!\n */\n$table_prefix = 'wp_';\n\n/**\n * For developers: WordPress debugging mode.\n *\n * Change this to true to enable the display of notices during development.\n * It is strongly recommended that plugin and theme developers use WP_DEBUG\n * in their development environments.\n *\n * For information on other constants that can be used for debugging,\n * visit the Codex.\n *\n * @link https://codex.wordpress.org/Debugging_in_WordPress\n */\ndefine( 'WP_DEBUG', false );\n\n/* That's all, stop editing! Happy publishing. */\n\n/** Absolute path to the WordPress directory. */\nif ( ! defined( 'ABSPATH' ) ) {\n\tdefine( 'ABSPATH', dirname( __FILE__ ) . '/' );\n}\n\n/** Sets up WordPress vars and included files. */\nrequire_once( ABSPATH . 'wp-settings.php' );\n\n",
            "vars": {
              "db_host": "terraform-20220905102500416000000001.cpeeglgu8ljm.ap-south-1.rds.amazonaws.com",
              "db_name": "db_rds",
              "db_pass": "qwerty123",
              "db_user": "admin"
            }
          },
          "sensitive_attributes": []
        }
      ]
    },
    {
      "module": "module.ec2",
      "mode": "managed",
      "type": "aws_db_instance",
      "name": "wp-rds",
      "provider": "provider[\"registry.terraform.io/hashicorp/aws\"]",
      "instances": [
        {
          "schema_version": 1,
          "attributes": {
            "address": "terraform-20220905102500416000000001.cpeeglgu8ljm.ap-south-1.rds.amazonaws.com",
            "allocated_storage": 20,
            "allow_major_version_upgrade": null,
            "apply_immediately": null,
            "arn": "arn:aws:rds:ap-south-1:091491814818:db:terraform-20220905102500416000000001",
            "auto_minor_version_upgrade": true,
            "availability_zone": "ap-south-1a",
            "backup_retention_period": 0,
            "backup_window": "20:26-20:56",
            "ca_cert_identifier": "rds-ca-2019",
            "character_set_name": "",
            "copy_tags_to_snapshot": false,
            "customer_owned_ip_enabled": false,
            "db_name": "db_rds",
            "db_subnet_group_name": "main",
            "delete_automated_backups": true,
            "deletion_protection": false,
            "domain": "",
            "domain_iam_role_name": "",
            "enabled_cloudwatch_logs_exports": [],
            "endpoint": "terraform-20220905102500416000000001.cpeeglgu8ljm.ap-south-1.rds.amazonaws.com:3306",
            "engine": "mysql",
            "engine_version": "8.0.28",
            "engine_version_actual": "8.0.28",
            "final_snapshot_identifier": null,
            "hosted_zone_id": "Z2VFMSZA74J7XZ",
            "iam_database_authentication_enabled": false,
            "id": "terraform-20220905102500416000000001",
            "identifier": "terraform-20220905102500416000000001",
            "identifier_prefix": "terraform-",
            "instance_class": "db.t3.micro",
            "iops": 0,
            "kms_key_id": "",
            "latest_restorable_time": "",
            "license_model": "general-public-license",
            "maintenance_window": "sun:10:30-sun:11:00",
            "max_allocated_storage": 0,
            "monitoring_interval": 0,
            "monitoring_role_arn": "",
            "multi_az": false,
            "name": "db_rds",
            "nchar_character_set_name": "",
            "network_type": "IPV4",
            "option_group_name": "default:mysql-8-0",
            "parameter_group_name": "default.mysql8.0",
            "password": "qwerty123",
            "performance_insights_enabled": false,
            "performance_insights_kms_key_id": "",
            "performance_insights_retention_period": 0,
            "port": 3306,
            "publicly_accessible": false,
            "replica_mode": "",
            "replicas": [],
            "replicate_source_db": "",
            "resource_id": "db-EOUWQ3HZTEO3MNX4YXILC67NGU",
            "restore_to_point_in_time": [],
            "s3_import": [],
            "security_group_names": [],
            "skip_final_snapshot": true,
            "snapshot_identifier": null,
            "status": "available",
            "storage_encrypted": false,
            "storage_type": "gp2",
            "tags": {},
            "tags_all": {},
            "timeouts": null,
            "timezone": "",
            "username": "admin",
            "vpc_security_group_ids": [
              "sg-0dad3154c427c68bf"
            ]
          },
          "sensitive_attributes": [],
          "private": "eyJlMmJmYjczMC1lY2FhLTExZTYtOGY4OC0zNDM2M2JjN2M0YzAiOnsiY3JlYXRlIjoyNDAwMDAwMDAwMDAwLCJkZWxldGUiOjM2MDAwMDAwMDAwMDAsInVwZGF0ZSI6NDgwMDAwMDAwMDAwMH0sInNjaGVtYV92ZXJzaW9uIjoiMSJ9",
          "dependencies": [
            "module.ec2.aws_db_subnet_group.db_group",
            "module.nw.aws_subnet.dev-pub-snet",
            "module.nw.aws_vpc.dev-vpc",
            "module.sg.aws_security_group.sg",
            "module.sg2.aws_security_group.sg"
          ]
        }
      ]
    },
    {
      "module": "module.ec2",
      "mode": "managed",
      "type": "aws_db_subnet_group",
      "name": "db_group",
      "provider": "provider[\"registry.terraform.io/hashicorp/aws\"]",
      "instances": [
        {
          "schema_version": 0,
          "attributes": {
            "arn": "arn:aws:rds:ap-south-1:091491814818:subgrp:main",
            "description": "Managed by Terraform",
            "id": "main",
            "name": "main",
            "name_prefix": "",
            "subnet_ids": [
              "subnet-048d1c8731039f903",
              "subnet-04c66cfa43f8d08f6"
            ],
            "supported_network_types": [
              "IPV4"
            ],
            "tags": {
              "Name": "DB _subnet_ group"
            },
            "tags_all": {
              "Name": "DB _subnet_ group"
            }
          },
          "sensitive_attributes": [],
          "private": "bnVsbA==",
          "dependencies": [
            "module.nw.aws_subnet.dev-pub-snet",
            "module.nw.aws_vpc.dev-vpc"
          ]
        }
      ]
    },
    {
      "module": "module.ec2",
      "mode": "managed",
      "type": "aws_instance",
      "name": "ec2",
      "provider": "provider[\"registry.terraform.io/hashicorp/aws\"]",
      "instances": [
        {
          "schema_version": 1,
          "attributes": {
            "ami": "ami-068257025f72f470d",
            "arn": "arn:aws:ec2:ap-south-1:091491814818:instance/i-0039d3830de95166a",
            "associate_public_ip_address": true,
            "availability_zone": "ap-south-1a",
            "capacity_reservation_specification": [
              {
                "capacity_reservation_preference": "open",
                "capacity_reservation_target": []
              }
            ],
            "cpu_core_count": 1,
            "cpu_threads_per_core": 1,
            "credit_specification": [
              {
                "cpu_credits": "standard"
              }
            ],
            "disable_api_stop": false,
            "disable_api_termination": false,
            "ebs_block_device": [],
            "ebs_optimized": false,
            "enclave_options": [
              {
                "enabled": false
              }
            ],
            "ephemeral_block_device": [],
            "get_password_data": false,
            "hibernation": false,
            "host_id": null,
            "host_resource_group_arn": null,
            "iam_instance_profile": "",
            "id": "i-0039d3830de95166a",
            "instance_initiated_shutdown_behavior": "stop",
            "instance_state": "running",
            "instance_type": "t2.micro",
            "ipv6_address_count": 0,
            "ipv6_addresses": [],
            "key_name": "mumbai_key",
            "launch_template": [],
            "maintenance_options": [
              {
                "auto_recovery": "default"
              }
            ],
            "metadata_options": [
              {
                "http_endpoint": "enabled",
                "http_put_response_hop_limit": 1,
                "http_tokens": "optional",
                "instance_metadata_tags": "disabled"
              }
            ],
            "monitoring": false,
            "network_interface": [],
            "outpost_arn": "",
            "password_data": "",
            "placement_group": "",
            "placement_partition_number": null,
            "primary_network_interface_id": "eni-0a51097e5a0033024",
            "private_dns": "ip-10-0-2-130.ap-south-1.compute.internal",
            "private_dns_name_options": [
              {
                "enable_resource_name_dns_a_record": false,
                "enable_resource_name_dns_aaaa_record": false,
                "hostname_type": "ip-name"
              }
            ],
            "private_ip": "10.0.2.130",
            "public_dns": "",
            "public_ip": "13.233.179.6",
            "root_block_device": [
              {
                "delete_on_termination": true,
                "device_name": "/dev/sda1",
                "encrypted": false,
                "iops": 100,
                "kms_key_id": "",
                "tags": {},
                "throughput": 0,
                "volume_id": "vol-00b915c2b733d1c5d",
                "volume_size": 8,
                "volume_type": "gp2"
              }
            ],
            "secondary_private_ips": [],
            "security_groups": [
              "sg-0cda653380736ae4e"
            ],
            "source_dest_check": true,
            "subnet_id": "subnet-048d1c8731039f903",
            "tags": {
              "Name": "dev-ec2"
            },
            "tags_all": {
              "Name": "dev-ec2"
            },
            "tenancy": "default",
            "timeouts": null,
            "user_data": "969620618feedc67ee666a3d1cfa2246a73c058c",
            "user_data_base64": null,
            "user_data_replace_on_change": false,
            "volume_tags": null,
            "vpc_security_group_ids": [
              "sg-0cda653380736ae4e"
            ]
          },
          "sensitive_attributes": [],
          "private": "eyJlMmJmYjczMC1lY2FhLTExZTYtOGY4OC0zNDM2M2JjN2M0YzAiOnsiY3JlYXRlIjo2MDAwMDAwMDAwMDAsImRlbGV0ZSI6MTIwMDAwMDAwMDAwMCwidXBkYXRlIjo2MDAwMDAwMDAwMDB9LCJzY2hlbWFfdmVyc2lvbiI6IjEifQ==",
          "dependencies": [
            "module.ec2.data.template_file.nginx",
            "module.ec2.data.template_file.phpconfig",
            "module.nw.aws_subnet.dev-pub-snet",
            "module.nw.aws_vpc.dev-vpc",
            "module.sg.aws_security_group.sg"
          ]
        }
      ]
    },
    {
      "module": "module.nw",
      "mode": "data",
      "type": "aws_availability_zones",
      "name": "available",
      "provider": "module.nw.provider[\"registry.terraform.io/hashicorp/aws\"]",
      "instances": [
        {
          "schema_version": 0,
          "attributes": {
            "all_availability_zones": null,
            "exclude_names": null,
            "exclude_zone_ids": null,
            "filter": null,
            "group_names": [
              "ap-south-1"
            ],
            "id": "ap-south-1",
            "names": [
              "ap-south-1a",
              "ap-south-1b",
              "ap-south-1c"
            ],
            "state": "available",
            "timeouts": null,
            "zone_ids": [
              "aps1-az1",
              "aps1-az3",
              "aps1-az2"
            ]
          },
          "sensitive_attributes": []
        }
      ]
    },
    {
      "module": "module.nw",
      "mode": "managed",
      "type": "aws_internet_gateway",
      "name": "dev-igw",
      "provider": "module.nw.provider[\"registry.terraform.io/hashicorp/aws\"]",
      "instances": [
        {
          "schema_version": 0,
          "attributes": {
            "arn": "arn:aws:ec2:ap-south-1:091491814818:internet-gateway/igw-07d63f33d19431d34",
            "id": "igw-07d63f33d19431d34",
            "owner_id": "091491814818",
            "tags": {
              "Name": "default_igw"
            },
            "tags_all": {
              "Name": "default_igw"
            },
            "timeouts": null,
            "vpc_id": "vpc-07e911ce56e6359a3"
          },
          "sensitive_attributes": [],
          "private": "eyJlMmJmYjczMC1lY2FhLTExZTYtOGY4OC0zNDM2M2JjN2M0YzAiOnsiY3JlYXRlIjoxMjAwMDAwMDAwMDAwLCJkZWxldGUiOjEyMDAwMDAwMDAwMDAsInVwZGF0ZSI6MTIwMDAwMDAwMDAwMH19",
          "dependencies": [
            "module.nw.aws_vpc.dev-vpc"
          ]
        }
      ]
    },
    {
      "module": "module.nw",
      "mode": "managed",
      "type": "aws_route_table",
      "name": "dev-rt",
      "provider": "module.nw.provider[\"registry.terraform.io/hashicorp/aws\"]",
      "instances": [
        {
          "schema_version": 0,
          "attributes": {
            "arn": "arn:aws:ec2:ap-south-1:091491814818:route-table/rtb-063429cbbfb97442d",
            "id": "rtb-063429cbbfb97442d",
            "owner_id": "091491814818",
            "propagating_vgws": [],
            "route": [
              {
                "carrier_gateway_id": "",
                "cidr_block": "0.0.0.0/0",
                "core_network_arn": "",
                "destination_prefix_list_id": "",
                "egress_only_gateway_id": "",
                "gateway_id": "igw-07d63f33d19431d34",
                "instance_id": "",
                "ipv6_cidr_block": "",
                "local_gateway_id": "",
                "nat_gateway_id": "",
                "network_interface_id": "",
                "transit_gateway_id": "",
                "vpc_endpoint_id": "",
                "vpc_peering_connection_id": ""
              }
            ],
            "tags": {
              "Name": "default_rt"
            },
            "tags_all": {
              "Name": "default_rt"
            },
            "timeouts": null,
            "vpc_id": "vpc-07e911ce56e6359a3"
          },
          "sensitive_attributes": [],
          "private": "eyJlMmJmYjczMC1lY2FhLTExZTYtOGY4OC0zNDM2M2JjN2M0YzAiOnsiY3JlYXRlIjozMDAwMDAwMDAwMDAsImRlbGV0ZSI6MzAwMDAwMDAwMDAwLCJ1cGRhdGUiOjEyMDAwMDAwMDAwMH19",
          "dependencies": [
            "module.nw.aws_internet_gateway.dev-igw",
            "module.nw.aws_vpc.dev-vpc"
          ]
        }
      ]
    },
    {
      "module": "module.nw",
      "mode": "managed",
      "type": "aws_route_table_association",
      "name": "dev-rta",
      "provider": "module.nw.provider[\"registry.terraform.io/hashicorp/aws\"]",
      "instances": [
        {
          "index_key": "pub_sub-1",
          "schema_version": 0,
          "attributes": {
            "gateway_id": "",
            "id": "rtbassoc-03eadfa9d39cea7e0",
            "route_table_id": "rtb-063429cbbfb97442d",
            "subnet_id": "subnet-048d1c8731039f903"
          },
          "sensitive_attributes": [],
          "private": "bnVsbA==",
          "dependencies": [
            "module.nw.aws_internet_gateway.dev-igw",
            "module.nw.aws_route_table.dev-rt",
            "module.nw.aws_subnet.dev-pub-snet",
            "module.nw.aws_vpc.dev-vpc"
          ]
        },
        {
          "index_key": "pub_sub-2",
          "schema_version": 0,
          "attributes": {
            "gateway_id": "",
            "id": "rtbassoc-0f06dc4c9534f6c0a",
            "route_table_id": "rtb-063429cbbfb97442d",
            "subnet_id": "subnet-04c66cfa43f8d08f6"
          },
          "sensitive_attributes": [],
          "private": "bnVsbA==",
          "dependencies": [
            "module.nw.aws_internet_gateway.dev-igw",
            "module.nw.aws_route_table.dev-rt",
            "module.nw.aws_subnet.dev-pub-snet",
            "module.nw.aws_vpc.dev-vpc"
          ]
        }
      ]
    },
    {
      "module": "module.nw",
      "mode": "managed",
      "type": "aws_subnet",
      "name": "dev-pub-snet",
      "provider": "module.nw.provider[\"registry.terraform.io/hashicorp/aws\"]",
      "instances": [
        {
          "index_key": "pub_sub-1",
          "schema_version": 1,
          "attributes": {
            "arn": "arn:aws:ec2:ap-south-1:091491814818:subnet/subnet-048d1c8731039f903",
            "assign_ipv6_address_on_creation": false,
            "availability_zone": "ap-south-1a",
            "availability_zone_id": "aps1-az1",
            "cidr_block": "10.0.0.0/22",
            "customer_owned_ipv4_pool": "",
            "enable_dns64": false,
            "enable_resource_name_dns_a_record_on_launch": false,
            "enable_resource_name_dns_aaaa_record_on_launch": false,
            "id": "subnet-048d1c8731039f903",
            "ipv6_cidr_block": "",
            "ipv6_cidr_block_association_id": "",
            "ipv6_native": false,
            "map_customer_owned_ip_on_launch": false,
            "map_public_ip_on_launch": true,
            "outpost_arn": "",
            "owner_id": "091491814818",
            "private_dns_hostname_type_on_launch": "ip-name",
            "tags": {},
            "tags_all": {},
            "timeouts": null,
            "vpc_id": "vpc-07e911ce56e6359a3"
          },
          "sensitive_attributes": [],
          "private": "eyJlMmJmYjczMC1lY2FhLTExZTYtOGY4OC0zNDM2M2JjN2M0YzAiOnsiY3JlYXRlIjo2MDAwMDAwMDAwMDAsImRlbGV0ZSI6MTIwMDAwMDAwMDAwMH0sInNjaGVtYV92ZXJzaW9uIjoiMSJ9",
          "dependencies": [
            "module.nw.aws_vpc.dev-vpc"
          ]
        },
        {
          "index_key": "pub_sub-2",
          "schema_version": 1,
          "attributes": {
            "arn": "arn:aws:ec2:ap-south-1:091491814818:subnet/subnet-04c66cfa43f8d08f6",
            "assign_ipv6_address_on_creation": false,
            "availability_zone": "ap-south-1b",
            "availability_zone_id": "aps1-az3",
            "cidr_block": "10.0.4.0/22",
            "customer_owned_ipv4_pool": "",
            "enable_dns64": false,
            "enable_resource_name_dns_a_record_on_launch": false,
            "enable_resource_name_dns_aaaa_record_on_launch": false,
            "id": "subnet-04c66cfa43f8d08f6",
            "ipv6_cidr_block": "",
            "ipv6_cidr_block_association_id": "",
            "ipv6_native": false,
            "map_customer_owned_ip_on_launch": false,
            "map_public_ip_on_launch": true,
            "outpost_arn": "",
            "owner_id": "091491814818",
            "private_dns_hostname_type_on_launch": "ip-name",
            "tags": {},
            "tags_all": {},
            "timeouts": null,
            "vpc_id": "vpc-07e911ce56e6359a3"
          },
          "sensitive_attributes": [],
          "private": "eyJlMmJmYjczMC1lY2FhLTExZTYtOGY4OC0zNDM2M2JjN2M0YzAiOnsiY3JlYXRlIjo2MDAwMDAwMDAwMDAsImRlbGV0ZSI6MTIwMDAwMDAwMDAwMH0sInNjaGVtYV92ZXJzaW9uIjoiMSJ9",
          "dependencies": [
            "module.nw.aws_vpc.dev-vpc"
          ]
        }
      ]
    },
    {
      "module": "module.nw",
      "mode": "managed",
      "type": "aws_subnet",
      "name": "dev-pvt-snet",
      "provider": "module.nw.provider[\"registry.terraform.io/hashicorp/aws\"]",
      "instances": [
        {
          "index_key": "pvt_sub-1",
          "schema_version": 1,
          "attributes": {
            "arn": "arn:aws:ec2:ap-south-1:091491814818:subnet/subnet-07dd9dbc516096577",
            "assign_ipv6_address_on_creation": false,
            "availability_zone": "ap-south-1a",
            "availability_zone_id": "aps1-az1",
            "cidr_block": "10.0.8.0/22",
            "customer_owned_ipv4_pool": "",
            "enable_dns64": false,
            "enable_resource_name_dns_a_record_on_launch": false,
            "enable_resource_name_dns_aaaa_record_on_launch": false,
            "id": "subnet-07dd9dbc516096577",
            "ipv6_cidr_block": "",
            "ipv6_cidr_block_association_id": "",
            "ipv6_native": false,
            "map_customer_owned_ip_on_launch": false,
            "map_public_ip_on_launch": false,
            "outpost_arn": "",
            "owner_id": "091491814818",
            "private_dns_hostname_type_on_launch": "ip-name",
            "tags": {},
            "tags_all": {},
            "timeouts": null,
            "vpc_id": "vpc-07e911ce56e6359a3"
          },
          "sensitive_attributes": [],
          "private": "eyJlMmJmYjczMC1lY2FhLTExZTYtOGY4OC0zNDM2M2JjN2M0YzAiOnsiY3JlYXRlIjo2MDAwMDAwMDAwMDAsImRlbGV0ZSI6MTIwMDAwMDAwMDAwMH0sInNjaGVtYV92ZXJzaW9uIjoiMSJ9",
          "dependencies": [
            "module.nw.aws_vpc.dev-vpc"
          ]
        },
        {
          "index_key": "pvt_sub-2",
          "schema_version": 1,
          "attributes": {
            "arn": "arn:aws:ec2:ap-south-1:091491814818:subnet/subnet-0e916ac6cceb2ac3a",
            "assign_ipv6_address_on_creation": false,
            "availability_zone": "ap-south-1b",
            "availability_zone_id": "aps1-az3",
            "cidr_block": "10.0.12.0/22",
            "customer_owned_ipv4_pool": "",
            "enable_dns64": false,
            "enable_resource_name_dns_a_record_on_launch": false,
            "enable_resource_name_dns_aaaa_record_on_launch": false,
            "id": "subnet-0e916ac6cceb2ac3a",
            "ipv6_cidr_block": "",
            "ipv6_cidr_block_association_id": "",
            "ipv6_native": false,
            "map_customer_owned_ip_on_launch": false,
            "map_public_ip_on_launch": false,
            "outpost_arn": "",
            "owner_id": "091491814818",
            "private_dns_hostname_type_on_launch": "ip-name",
            "tags": {},
            "tags_all": {},
            "timeouts": null,
            "vpc_id": "vpc-07e911ce56e6359a3"
          },
          "sensitive_attributes": [],
          "private": "eyJlMmJmYjczMC1lY2FhLTExZTYtOGY4OC0zNDM2M2JjN2M0YzAiOnsiY3JlYXRlIjo2MDAwMDAwMDAwMDAsImRlbGV0ZSI6MTIwMDAwMDAwMDAwMH0sInNjaGVtYV92ZXJzaW9uIjoiMSJ9",
          "dependencies": [
            "module.nw.aws_vpc.dev-vpc"
          ]
        }
      ]
    },
    {
      "module": "module.nw",
      "mode": "managed",
      "type": "aws_vpc",
      "name": "dev-vpc",
      "provider": "module.nw.provider[\"registry.terraform.io/hashicorp/aws\"]",
      "instances": [
        {
          "schema_version": 1,
          "attributes": {
            "arn": "arn:aws:ec2:ap-south-1:091491814818:vpc/vpc-07e911ce56e6359a3",
            "assign_generated_ipv6_cidr_block": false,
            "cidr_block": "10.0.0.0/20",
            "default_network_acl_id": "acl-00c41448a61f650ca",
            "default_route_table_id": "rtb-04d9c37f3155d325c",
            "default_security_group_id": "sg-0af92ed61c348b9e3",
            "dhcp_options_id": "dopt-0712b866782dfabd1",
            "enable_classiclink": false,
            "enable_classiclink_dns_support": false,
            "enable_dns_hostnames": false,
            "enable_dns_support": true,
            "id": "vpc-07e911ce56e6359a3",
            "instance_tenancy": "default",
            "ipv4_ipam_pool_id": null,
            "ipv4_netmask_length": null,
            "ipv6_association_id": "",
            "ipv6_cidr_block": "",
            "ipv6_cidr_block_network_border_group": "",
            "ipv6_ipam_pool_id": "",
            "ipv6_netmask_length": 0,
            "main_route_table_id": "rtb-04d9c37f3155d325c",
            "owner_id": "091491814818",
            "tags": {
              "Name": "default_vpc",
              "env": "dev"
            },
            "tags_all": {
              "Name": "default_vpc",
              "env": "dev"
            }
          },
          "sensitive_attributes": [],
          "private": "eyJzY2hlbWFfdmVyc2lvbiI6IjEifQ=="
        }
      ]
    },
    {
      "module": "module.sg",
      "mode": "managed",
      "type": "aws_security_group",
      "name": "sg",
      "provider": "provider[\"registry.terraform.io/hashicorp/aws\"]",
      "instances": [
        {
          "index_key": "ec2-sg",
          "schema_version": 1,
          "attributes": {
            "arn": "arn:aws:ec2:ap-south-1:091491814818:security-group/sg-0cda653380736ae4e",
            "description": "all incoming",
            "egress": [
              {
                "cidr_blocks": [
                  "0.0.0.0/0"
                ],
                "description": "",
                "from_port": 0,
                "ipv6_cidr_blocks": [
                  "::/0"
                ],
                "prefix_list_ids": [],
                "protocol": "-1",
                "security_groups": [],
                "self": false,
                "to_port": 0
              }
            ],
            "id": "sg-0cda653380736ae4e",
            "ingress": [
              {
                "cidr_blocks": [
                  "0.0.0.0/0"
                ],
                "description": "",
                "from_port": 22,
                "ipv6_cidr_blocks": [],
                "prefix_list_ids": [],
                "protocol": "tcp",
                "security_groups": [],
                "self": false,
                "to_port": 22
              },
              {
                "cidr_blocks": [
                  "0.0.0.0/0"
                ],
                "description": "",
                "from_port": 3306,
                "ipv6_cidr_blocks": [],
                "prefix_list_ids": [],
                "protocol": "tcp",
                "security_groups": [],
                "self": false,
                "to_port": 3306
              },
              {
                "cidr_blocks": [
                  "0.0.0.0/0"
                ],
                "description": "",
                "from_port": 80,
                "ipv6_cidr_blocks": [],
                "prefix_list_ids": [],
                "protocol": "tcp",
                "security_groups": [],
                "self": false,
                "to_port": 80
              }
            ],
            "name": "ec2",
            "name_prefix": "",
            "owner_id": "091491814818",
            "revoke_rules_on_delete": false,
            "tags": {},
            "tags_all": {},
            "timeouts": null,
            "vpc_id": "vpc-07e911ce56e6359a3"
          },
          "sensitive_attributes": [],
          "private": "eyJlMmJmYjczMC1lY2FhLTExZTYtOGY4OC0zNDM2M2JjN2M0YzAiOnsiY3JlYXRlIjo2MDAwMDAwMDAwMDAsImRlbGV0ZSI6OTAwMDAwMDAwMDAwfSwic2NoZW1hX3ZlcnNpb24iOiIxIn0=",
          "dependencies": [
            "module.nw.aws_vpc.dev-vpc"
          ]
        }
      ]
    },
    {
      "module": "module.sg2",
      "mode": "managed",
      "type": "aws_security_group",
      "name": "sg",
      "provider": "provider[\"registry.terraform.io/hashicorp/aws\"]",
      "instances": [
        {
          "index_key": "rds-sg",
          "schema_version": 1,
          "attributes": {
            "arn": "arn:aws:ec2:ap-south-1:091491814818:security-group/sg-0dad3154c427c68bf",
            "description": "rds",
            "egress": [
              {
                "cidr_blocks": [
                  "0.0.0.0/0"
                ],
                "description": "",
                "from_port": 0,
                "ipv6_cidr_blocks": [
                  "::/0"
                ],
                "prefix_list_ids": [],
                "protocol": "-1",
                "security_groups": [],
                "self": false,
                "to_port": 0
              }
            ],
            "id": "sg-0dad3154c427c68bf",
            "ingress": [
              {
                "cidr_blocks": [
                  "0.0.0.0/0"
                ],
                "description": "",
                "from_port": 3306,
                "ipv6_cidr_blocks": [],
                "prefix_list_ids": [],
                "protocol": "tcp",
                "security_groups": [],
                "self": false,
                "to_port": 3306
              }
            ],
            "name": "rds",
            "name_prefix": "",
            "owner_id": "091491814818",
            "revoke_rules_on_delete": false,
            "tags": {},
            "tags_all": {},
            "timeouts": null,
            "vpc_id": "vpc-07e911ce56e6359a3"
          },
          "sensitive_attributes": [],
          "private": "eyJlMmJmYjczMC1lY2FhLTExZTYtOGY4OC0zNDM2M2JjN2M0YzAiOnsiY3JlYXRlIjo2MDAwMDAwMDAwMDAsImRlbGV0ZSI6OTAwMDAwMDAwMDAwfSwic2NoZW1hX3ZlcnNpb24iOiIxIn0=",
          "dependencies": [
            "module.nw.aws_vpc.dev-vpc",
            "module.sg.aws_security_group.sg"
          ]
        }
      ]
    }
  ]
}
