{
  "version": 4,
  "terraform_version": "1.2.7",
  "serial": 98,
  "lineage": "d026bff5-d380-91fa-6a48-535d05c36c3a",
  "outputs": {},
  "resources": [
    {
      "module": "module.abc",
      "mode": "data",
      "type": "aws_availability_zones",
      "name": "available",
      "provider": "module.abc.provider[\"registry.terraform.io/hashicorp/aws\"]",
      "instances": [
        {
          "schema_version": 0,
          "attributes": {
            "all_availability_zones": null,
            "exclude_names": null,
            "exclude_zone_ids": null,
            "filter": null,
            "group_names": [
              "ap-south-1"
            ],
            "id": "ap-south-1",
            "names": [
              "ap-south-1a",
              "ap-south-1b",
              "ap-south-1c"
            ],
            "state": "available",
            "timeouts": null,
            "zone_ids": [
              "aps1-az1",
              "aps1-az3",
              "aps1-az2"
            ]
          },
          "sensitive_attributes": []
        }
      ]
    },
    {
      "module": "module.abc",
      "mode": "managed",
      "type": "aws_internet_gateway",
      "name": "test_igw",
      "provider": "module.abc.provider[\"registry.terraform.io/hashicorp/aws\"]",
      "instances": [
        {
          "schema_version": 0,
          "attributes": {
            "arn": "arn:aws:ec2:ap-south-1:091491814818:internet-gateway/igw-0a56f52fa47d90e42",
            "id": "igw-0a56f52fa47d90e42",
            "owner_id": "091491814818",
            "tags": {
              "Name": "dev-igw"
            },
            "tags_all": {
              "Name": "dev-igw"
            },
            "timeouts": null,
            "vpc_id": "vpc-05cecf553ba374203"
          },
          "sensitive_attributes": [],
          "private": "eyJlMmJmYjczMC1lY2FhLTExZTYtOGY4OC0zNDM2M2JjN2M0YzAiOnsiY3JlYXRlIjoxMjAwMDAwMDAwMDAwLCJkZWxldGUiOjEyMDAwMDAwMDAwMDAsInVwZGF0ZSI6MTIwMDAwMDAwMDAwMH19",
          "dependencies": [
            "module.abc.aws_vpc.test_vpc"
          ]
        }
      ]
    },
    {
      "module": "module.abc",
      "mode": "managed",
      "type": "aws_route_table",
      "name": "test_rt",
      "provider": "module.abc.provider[\"registry.terraform.io/hashicorp/aws\"]",
      "instances": [
        {
          "schema_version": 0,
          "attributes": {
            "arn": "arn:aws:ec2:ap-south-1:091491814818:route-table/rtb-0d66f07132d8c4827",
            "id": "rtb-0d66f07132d8c4827",
            "owner_id": "091491814818",
            "propagating_vgws": [],
            "route": [
              {
                "carrier_gateway_id": "",
                "cidr_block": "0.0.0.0/0",
                "core_network_arn": "",
                "destination_prefix_list_id": "",
                "egress_only_gateway_id": "",
                "gateway_id": "igw-0a56f52fa47d90e42",
                "instance_id": "",
                "ipv6_cidr_block": "",
                "local_gateway_id": "",
                "nat_gateway_id": "",
                "network_interface_id": "",
                "transit_gateway_id": "",
                "vpc_endpoint_id": "",
                "vpc_peering_connection_id": ""
              }
            ],
            "tags": {
              "Name": "dev-rt"
            },
            "tags_all": {
              "Name": "dev-rt"
            },
            "timeouts": null,
            "vpc_id": "vpc-05cecf553ba374203"
          },
          "sensitive_attributes": [],
          "private": "eyJlMmJmYjczMC1lY2FhLTExZTYtOGY4OC0zNDM2M2JjN2M0YzAiOnsiY3JlYXRlIjozMDAwMDAwMDAwMDAsImRlbGV0ZSI6MzAwMDAwMDAwMDAwLCJ1cGRhdGUiOjEyMDAwMDAwMDAwMH19",
          "dependencies": [
            "module.abc.aws_internet_gateway.test_igw",
            "module.abc.aws_vpc.test_vpc"
          ]
        }
      ]
    },
    {
      "module": "module.abc",
      "mode": "managed",
      "type": "aws_route_table_association",
      "name": "test_rta",
      "provider": "module.abc.provider[\"registry.terraform.io/hashicorp/aws\"]",
      "instances": [
        {
          "index_key": 0,
          "schema_version": 0,
          "attributes": {
            "gateway_id": "",
            "id": "rtbassoc-03305f3624b3c8048",
            "route_table_id": "rtb-0d66f07132d8c4827",
            "subnet_id": "subnet-0dfab6e401f772391"
          },
          "sensitive_attributes": [],
          "private": "bnVsbA==",
          "dependencies": [
            "module.abc.aws_internet_gateway.test_igw",
            "module.abc.aws_route_table.test_rt",
            "module.abc.aws_subnet.pub_snet",
            "module.abc.aws_vpc.test_vpc",
            "module.abc.data.aws_availability_zones.available"
          ]
        },
        {
          "index_key": 1,
          "schema_version": 0,
          "attributes": {
            "gateway_id": "",
            "id": "rtbassoc-03ef2e0a42cd19008",
            "route_table_id": "rtb-0d66f07132d8c4827",
            "subnet_id": "subnet-0cbc46d52877f8a84"
          },
          "sensitive_attributes": [],
          "private": "bnVsbA==",
          "dependencies": [
            "module.abc.aws_internet_gateway.test_igw",
            "module.abc.aws_route_table.test_rt",
            "module.abc.aws_subnet.pub_snet",
            "module.abc.aws_vpc.test_vpc",
            "module.abc.data.aws_availability_zones.available"
          ]
        }
      ]
    },
    {
      "module": "module.abc",
      "mode": "managed",
      "type": "aws_subnet",
      "name": "pub_snet",
      "provider": "module.abc.provider[\"registry.terraform.io/hashicorp/aws\"]",
      "instances": [
        {
          "index_key": 0,
          "schema_version": 1,
          "attributes": {
            "arn": "arn:aws:ec2:ap-south-1:091491814818:subnet/subnet-0dfab6e401f772391",
            "assign_ipv6_address_on_creation": false,
            "availability_zone": "ap-south-1a",
            "availability_zone_id": "aps1-az1",
            "cidr_block": "10.0.0.0/17",
            "customer_owned_ipv4_pool": "",
            "enable_dns64": false,
            "enable_resource_name_dns_a_record_on_launch": false,
            "enable_resource_name_dns_aaaa_record_on_launch": false,
            "id": "subnet-0dfab6e401f772391",
            "ipv6_cidr_block": "",
            "ipv6_cidr_block_association_id": "",
            "ipv6_native": false,
            "map_customer_owned_ip_on_launch": false,
            "map_public_ip_on_launch": false,
            "outpost_arn": "",
            "owner_id": "091491814818",
            "private_dns_hostname_type_on_launch": "ip-name",
            "tags": {
              "Env": "dev",
              "Name": "dev_pub1_ap-south-1a"
            },
            "tags_all": {
              "Env": "dev",
              "Name": "dev_pub1_ap-south-1a"
            },
            "timeouts": null,
            "vpc_id": "vpc-05cecf553ba374203"
          },
          "sensitive_attributes": [],
          "private": "eyJlMmJmYjczMC1lY2FhLTExZTYtOGY4OC0zNDM2M2JjN2M0YzAiOnsiY3JlYXRlIjo2MDAwMDAwMDAwMDAsImRlbGV0ZSI6MTIwMDAwMDAwMDAwMH0sInNjaGVtYV92ZXJzaW9uIjoiMSJ9",
          "dependencies": [
            "module.abc.aws_vpc.test_vpc",
            "module.abc.data.aws_availability_zones.available"
          ]
        },
        {
          "index_key": 1,
          "schema_version": 1,
          "attributes": {
            "arn": "arn:aws:ec2:ap-south-1:091491814818:subnet/subnet-0cbc46d52877f8a84",
            "assign_ipv6_address_on_creation": false,
            "availability_zone": "ap-south-1b",
            "availability_zone_id": "aps1-az3",
            "cidr_block": "10.0.128.0/17",
            "customer_owned_ipv4_pool": "",
            "enable_dns64": false,
            "enable_resource_name_dns_a_record_on_launch": false,
            "enable_resource_name_dns_aaaa_record_on_launch": false,
            "id": "subnet-0cbc46d52877f8a84",
            "ipv6_cidr_block": "",
            "ipv6_cidr_block_association_id": "",
            "ipv6_native": false,
            "map_customer_owned_ip_on_launch": false,
            "map_public_ip_on_launch": false,
            "outpost_arn": "",
            "owner_id": "091491814818",
            "private_dns_hostname_type_on_launch": "ip-name",
            "tags": {
              "Env": "dev",
              "Name": "dev_pub2_ap-south-1b"
            },
            "tags_all": {
              "Env": "dev",
              "Name": "dev_pub2_ap-south-1b"
            },
            "timeouts": null,
            "vpc_id": "vpc-05cecf553ba374203"
          },
          "sensitive_attributes": [],
          "private": "eyJlMmJmYjczMC1lY2FhLTExZTYtOGY4OC0zNDM2M2JjN2M0YzAiOnsiY3JlYXRlIjo2MDAwMDAwMDAwMDAsImRlbGV0ZSI6MTIwMDAwMDAwMDAwMH0sInNjaGVtYV92ZXJzaW9uIjoiMSJ9",
          "dependencies": [
            "module.abc.aws_vpc.test_vpc",
            "module.abc.data.aws_availability_zones.available"
          ]
        }
      ]
    },
    {
      "module": "module.abc",
      "mode": "managed",
      "type": "aws_vpc",
      "name": "test_vpc",
      "provider": "module.abc.provider[\"registry.terraform.io/hashicorp/aws\"]",
      "instances": [
        {
          "schema_version": 1,
          "attributes": {
            "arn": "arn:aws:ec2:ap-south-1:091491814818:vpc/vpc-05cecf553ba374203",
            "assign_generated_ipv6_cidr_block": false,
            "cidr_block": "10.0.0.0/16",
            "default_network_acl_id": "acl-02919f54d7ba17326",
            "default_route_table_id": "rtb-0ea8207b10007aeb5",
            "default_security_group_id": "sg-05f79007fbd75379a",
            "dhcp_options_id": "dopt-0712b866782dfabd1",
            "enable_classiclink": false,
            "enable_classiclink_dns_support": false,
            "enable_dns_hostnames": false,
            "enable_dns_support": true,
            "id": "vpc-05cecf553ba374203",
            "instance_tenancy": "default",
            "ipv4_ipam_pool_id": null,
            "ipv4_netmask_length": null,
            "ipv6_association_id": "",
            "ipv6_cidr_block": "",
            "ipv6_cidr_block_network_border_group": "",
            "ipv6_ipam_pool_id": "",
            "ipv6_netmask_length": 0,
            "main_route_table_id": "rtb-0ea8207b10007aeb5",
            "owner_id": "091491814818",
            "tags": {
              "Name": "team_vpc"
            },
            "tags_all": {
              "Name": "team_vpc"
            }
          },
          "sensitive_attributes": [],
          "private": "eyJzY2hlbWFfdmVyc2lvbiI6IjEifQ=="
        }
      ]
    }
  ]
}
